PODS:
  - DRYNavigationManager (2.0.0)
  - OCHamcrest (5.4.0)
  - OCMockito (3.0.1):
    - OCHamcrest (~> 5.1)
  - Reliant (2.3.1)

DEPENDENCIES:
  - DRYNavigationManager (from `../`)
  - OCHamcrest
  - OCMockito
  - Reliant

EXTERNAL SOURCES:
  DRYNavigationManager:
    :path: "../"

SPEC CHECKSUMS:
  DRYNavigationManager: db5ceb09ba437681b448d9a5160019b99512e809
  OCHamcrest: 5c1d441c5a82fb18ac17c2aeb52ec1a99edb971b
  OCMockito: 9eee3c61e42f7cb8aa015d66f8cc16849701d973
  Reliant: dc04398ee747cf2a75fb58a89725ad7fce4fe87c

PODFILE CHECKSUM: c847223d504b43ce54af7933f32642911fa0d88b

COCOAPODS: 1.0.1
