PODS:
  - DRYNavigationManager (1.1.0)
  - OCHamcrest (4.1.1)
  - OCMockito (1.4.0):
    - OCHamcrest (~> 4.0)
  - Reliant (2.2.1)

DEPENDENCIES:
  - DRYNavigationManager (from `../`)
  - OCMockito
  - Reliant

EXTERNAL SOURCES:
  DRYNavigationManager:
    :path: ../

SPEC CHECKSUMS:
  DRYNavigationManager: 260960f20ec21c4146a52b8ee56c10bbd0c28c70
  OCHamcrest: af1c7c5ea345de69ea6c9c2958f65f3044e5c420
  OCMockito: 991936bb775cc4c27f063d38f5e17b9161fbd21c
  Reliant: 231ba526a2a3f8654849dadeead27479e9225d9f

COCOAPODS: 0.35.0
