// !$*UTF8*$!
{
	archiveVersion = 1;
	classes = {
	};
	objectVersion = 46;
	objects = {

/* Begin PBXBuildFile section */
		C1A56015A5EF8B3E7DB45AF3 /* NSError+DRYNavigationManager.h in Headers */ = {isa = PBXBuildFile; fileRef = C1A56E0B9B68F7696A1D3811 /* NSError+DRYNavigationManager.h */; };
		C1A56066CD822505F6E556B0 /* DRYBaseNavigationManager.m in Sources */ = {isa = PBXBuildFile; fileRef = C1A565B6B9DDBE9AD1081B06 /* DRYBaseNavigationManager.m */; };
		C1A560951501A85CCB44C535 /* DRYBaseNavigationManager.m in Sources */ = {isa = PBXBuildFile; fileRef = C1A565B6B9DDBE9AD1081B06 /* DRYBaseNavigationManager.m */; };
		C1A5609E4AD4FF7B16922A0F /* NSError+DRYNavigationManager.m in Sources */ = {isa = PBXBuildFile; fileRef = C1A56D889CA4BBB618D82FAB /* NSError+DRYNavigationManager.m */; };
		C1A5635D60307D62BC491324 /* DRYBaseNavigationManager.h in Headers */ = {isa = PBXBuildFile; fileRef = C1A56EBB6A19FC5C99544B1E /* DRYBaseNavigationManager.h */; };
		C1A564F0226C6A27306AB1DF /* DRYNavigationClass.h in Headers */ = {isa = PBXBuildFile; fileRef = C1A563313312C6A317FABAB5 /* DRYNavigationClass.h */; };
		C1A5661E68D52604C5BCF17B /* DRYNavigationManager.framework in Frameworks */ = {isa = PBXBuildFile; fileRef = C1A5695FD282CD25A00ABC38 /* DRYNavigationManager.framework */; };
		C1A569591784A0150B9355A5 /* DRYNavigationDescriptor.h in Headers */ = {isa = PBXBuildFile; fileRef = C1A5634EF3EEA2840116431B /* DRYNavigationDescriptor.h */; };
		C1A56AD1EF7F5C1F54160E78 /* DRYNavigationDescriptor.m in Sources */ = {isa = PBXBuildFile; fileRef = C1A56047D29DCBC164E32115 /* DRYNavigationDescriptor.m */; };
		C1A56D81EEA3AAACD7F08CA8 /* DRYNavigationManagerTests.m in Sources */ = {isa = PBXBuildFile; fileRef = C1A5640E82A117431E6C9470 /* DRYNavigationManagerTests.m */; };
		C1A56EDB1EA90983AA246932 /* DRYNavigationDescriptor.m in Sources */ = {isa = PBXBuildFile; fileRef = C1A56047D29DCBC164E32115 /* DRYNavigationDescriptor.m */; };
		C1A56F4D88788C920DADD872 /* DRYNavigationDescriptorTests.m in Sources */ = {isa = PBXBuildFile; fileRef = C1A56DCAD5CB9069E317C374 /* DRYNavigationDescriptorTests.m */; };
		C1A56FB911C4B6ED871A5729 /* DRYNavigationTranslationDataSource.h in Headers */ = {isa = PBXBuildFile; fileRef = C1A56AB2B4ACB683EF432F09 /* DRYNavigationTranslationDataSource.h */; };
/* End PBXBuildFile section */

/* Begin PBXContainerItemProxy section */
		C1A56714A97FCD138788E60A /* PBXContainerItemProxy */ = {
			isa = PBXContainerItemProxy;
			containerPortal = C1A56BAC101CF198B874A7AF /* Project object */;
			proxyType = 1;
			remoteGlobalIDString = C1A56099C79A6511BC5E385C;
			remoteInfo = DRYNavigationManager;
		};
/* End PBXContainerItemProxy section */

/* Begin PBXFileReference section */
		C1A56047D29DCBC164E32115 /* DRYNavigationDescriptor.m */ = {isa = PBXFileReference; fileEncoding = 4; lastKnownFileType = sourcecode.c.objc; path = DRYNavigationDescriptor.m; sourceTree = "<group>"; };
		C1A562B355C6BDA499F4C272 /* DRYNavigationManagerTests.xctest */ = {isa = PBXFileReference; explicitFileType = wrapper.cfbundle; includeInIndex = 0; path = DRYNavigationManagerTests.xctest; sourceTree = BUILT_PRODUCTS_DIR; };
		C1A562DB1585279DD25BF22D /* Info.plist */ = {isa = PBXFileReference; lastKnownFileType = text.plist.info; path = Info.plist; sourceTree = "<group>"; };
		C1A563313312C6A317FABAB5 /* DRYNavigationClass.h */ = {isa = PBXFileReference; fileEncoding = 4; lastKnownFileType = sourcecode.c.h; path = DRYNavigationClass.h; sourceTree = "<group>"; };
		C1A5634EF3EEA2840116431B /* DRYNavigationDescriptor.h */ = {isa = PBXFileReference; fileEncoding = 4; lastKnownFileType = sourcecode.c.h; path = DRYNavigationDescriptor.h; sourceTree = "<group>"; };
		C1A5640E82A117431E6C9470 /* DRYNavigationManagerTests.m */ = {isa = PBXFileReference; lastKnownFileType = sourcecode.c.objc; path = DRYNavigationManagerTests.m; sourceTree = "<group>"; };
		C1A565B6B9DDBE9AD1081B06 /* DRYBaseNavigationManager.m */ = {isa = PBXFileReference; fileEncoding = 4; lastKnownFileType = sourcecode.c.objc; path = DRYBaseNavigationManager.m; sourceTree = "<group>"; };
		C1A5665B987E1FA473FECFDF /* Info.plist */ = {isa = PBXFileReference; lastKnownFileType = text.plist.info; path = Info.plist; sourceTree = "<group>"; };
		C1A5695FD282CD25A00ABC38 /* DRYNavigationManager.framework */ = {isa = PBXFileReference; explicitFileType = wrapper.framework; includeInIndex = 0; path = DRYNavigationManager.framework; sourceTree = BUILT_PRODUCTS_DIR; };
		C1A56AB2B4ACB683EF432F09 /* DRYNavigationTranslationDataSource.h */ = {isa = PBXFileReference; fileEncoding = 4; lastKnownFileType = sourcecode.c.h; path = DRYNavigationTranslationDataSource.h; sourceTree = "<group>"; };
		C1A56D889CA4BBB618D82FAB /* NSError+DRYNavigationManager.m */ = {isa = PBXFileReference; fileEncoding = 4; lastKnownFileType = sourcecode.c.objc; path = "NSError+DRYNavigationManager.m"; sourceTree = "<group>"; };
		C1A56DCAD5CB9069E317C374 /* DRYNavigationDescriptorTests.m */ = {isa = PBXFileReference; fileEncoding = 4; lastKnownFileType = sourcecode.c.objc; path = DRYNavigationDescriptorTests.m; sourceTree = "<group>"; };
		C1A56E0B9B68F7696A1D3811 /* NSError+DRYNavigationManager.h */ = {isa = PBXFileReference; fileEncoding = 4; lastKnownFileType = sourcecode.c.h; path = "NSError+DRYNavigationManager.h"; sourceTree = "<group>"; };
		C1A56EBB6A19FC5C99544B1E /* DRYBaseNavigationManager.h */ = {isa = PBXFileReference; fileEncoding = 4; lastKnownFileType = sourcecode.c.h; path = DRYBaseNavigationManager.h; sourceTree = "<group>"; };
/* End PBXFileReference section */

/* Begin PBXFrameworksBuildPhase section */
		C1A561F64B294F78434A9272 /* Frameworks */ = {
			isa = PBXFrameworksBuildPhase;
			buildActionMask = 2147483647;
			files = (
			);
			runOnlyForDeploymentPostprocessing = 0;
		};
		C1A5626AC49C38F08398CD9C /* Frameworks */ = {
			isa = PBXFrameworksBuildPhase;
			buildActionMask = 2147483647;
			files = (
				C1A5661E68D52604C5BCF17B /* DRYNavigationManager.framework in Frameworks */,
			);
			runOnlyForDeploymentPostprocessing = 0;
		};
/* End PBXFrameworksBuildPhase section */

/* Begin PBXGroup section */
		C1A567937A72A9F3E211A92D /* DRYNavigationManager */ = {
			isa = PBXGroup;
			children = (
				C1A562DB1585279DD25BF22D /* Info.plist */,
				C1A56EBB6A19FC5C99544B1E /* DRYBaseNavigationManager.h */,
				C1A565B6B9DDBE9AD1081B06 /* DRYBaseNavigationManager.m */,
				C1A56AB2B4ACB683EF432F09 /* DRYNavigationTranslationDataSource.h */,
				C1A5634EF3EEA2840116431B /* DRYNavigationDescriptor.h */,
				C1A56047D29DCBC164E32115 /* DRYNavigationDescriptor.m */,
				C1A563313312C6A317FABAB5 /* DRYNavigationClass.h */,
				C1A56E0B9B68F7696A1D3811 /* NSError+DRYNavigationManager.h */,
				C1A56D889CA4BBB618D82FAB /* NSError+DRYNavigationManager.m */,
			);
			path = DRYNavigationManager;
			sourceTree = "<group>";
		};
		C1A568D3EDA13812EA15CC12 = {
			isa = PBXGroup;
			children = (
				C1A56A6006C2DFF5EB0059EB /* Products */,
				C1A567937A72A9F3E211A92D /* DRYNavigationManager */,
				C1A56DAC94FA3CC8D60D438A /* DRYNavigationManagerTests */,
			);
			sourceTree = "<group>";
		};
		C1A56A6006C2DFF5EB0059EB /* Products */ = {
			isa = PBXGroup;
			children = (
				C1A5695FD282CD25A00ABC38 /* DRYNavigationManager.framework */,
				C1A562B355C6BDA499F4C272 /* DRYNavigationManagerTests.xctest */,
			);
			name = Products;
			sourceTree = "<group>";
		};
		C1A56DAC94FA3CC8D60D438A /* DRYNavigationManagerTests */ = {
			isa = PBXGroup;
			children = (
				C1A5665B987E1FA473FECFDF /* Info.plist */,
				C1A5640E82A117431E6C9470 /* DRYNavigationManagerTests.m */,
				C1A56DCAD5CB9069E317C374 /* DRYNavigationDescriptorTests.m */,
			);
			path = DRYNavigationManagerTests;
			sourceTree = "<group>";
		};
/* End PBXGroup section */

/* Begin PBXHeadersBuildPhase section */
		C1A56DD1AD4B78BF09BFB076 /* Headers */ = {
			isa = PBXHeadersBuildPhase;
			buildActionMask = 2147483647;
			files = (
				C1A5635D60307D62BC491324 /* DRYBaseNavigationManager.h in Headers */,
				C1A56FB911C4B6ED871A5729 /* DRYNavigationTranslationDataSource.h in Headers */,
				C1A569591784A0150B9355A5 /* DRYNavigationDescriptor.h in Headers */,
				C1A564F0226C6A27306AB1DF /* DRYNavigationClass.h in Headers */,
				C1A56015A5EF8B3E7DB45AF3 /* NSError+DRYNavigationManager.h in Headers */,
			);
			runOnlyForDeploymentPostprocessing = 0;
		};
/* End PBXHeadersBuildPhase section */

/* Begin PBXNativeTarget section */
		C1A56099C79A6511BC5E385C /* DRYNavigationManager */ = {
			isa = PBXNativeTarget;
			buildConfigurationList = C1A56119C4DE2A90DD699009 /* Build configuration list for PBXNativeTarget "DRYNavigationManager" */;
			buildPhases = (
				C1A56017E291DB43231E9393 /* Sources */,
				C1A561F64B294F78434A9272 /* Frameworks */,
				C1A56DD1AD4B78BF09BFB076 /* Headers */,
				C1A5646EF992B0F8C0DA0F6D /* Resources */,
			);
			buildRules = (
			);
			dependencies = (
			);
			name = DRYNavigationManager;
			productName = DRYNavigationManager;
			productReference = C1A5695FD282CD25A00ABC38 /* DRYNavigationManager.framework */;
			productType = "com.apple.product-type.framework";
		};
		C1A563C44068FC0D55180D65 /* DRYNavigationManagerTests */ = {
			isa = PBXNativeTarget;
			buildConfigurationList = C1A56DA60CB6FF48BCA600F7 /* Build configuration list for PBXNativeTarget "DRYNavigationManagerTests" */;
			buildPhases = (
				C1A560DE4F737A093BBDCFB6 /* Sources */,
				C1A5626AC49C38F08398CD9C /* Frameworks */,
				C1A56271738A5DE89CBE2B9F /* Resources */,
			);
			buildRules = (
			);
			dependencies = (
				C1A56ABF56734B94993EA1FD /* PBXTargetDependency */,
			);
			name = DRYNavigationManagerTests;
			productName = DRYNavigationManagerTests;
			productReference = C1A562B355C6BDA499F4C272 /* DRYNavigationManagerTests.xctest */;
			productType = "com.apple.product-type.bundle.unit-test";
		};
/* End PBXNativeTarget section */

/* Begin PBXProject section */
		C1A56BAC101CF198B874A7AF /* Project object */ = {
			isa = PBXProject;
			attributes = {
				ORGANIZATIONNAME = AppFoundry;
			};
			buildConfigurationList = C1A56EBA9D77F29001910412 /* Build configuration list for PBXProject "DRYNavigationManager" */;
			compatibilityVersion = "Xcode 3.2";
			developmentRegion = English;
			hasScannedForEncodings = 0;
			knownRegions = (
				en,
			);
			mainGroup = C1A568D3EDA13812EA15CC12;
			productRefGroup = C1A56A6006C2DFF5EB0059EB /* Products */;
			projectDirPath = "";
			projectRoot = "";
			targets = (
				C1A56099C79A6511BC5E385C /* DRYNavigationManager */,
				C1A563C44068FC0D55180D65 /* DRYNavigationManagerTests */,
			);
		};
/* End PBXProject section */

/* Begin PBXResourcesBuildPhase section */
		C1A56271738A5DE89CBE2B9F /* Resources */ = {
			isa = PBXResourcesBuildPhase;
			buildActionMask = 2147483647;
			files = (
			);
			runOnlyForDeploymentPostprocessing = 0;
		};
		C1A5646EF992B0F8C0DA0F6D /* Resources */ = {
			isa = PBXResourcesBuildPhase;
			buildActionMask = 2147483647;
			files = (
			);
			runOnlyForDeploymentPostprocessing = 0;
		};
/* End PBXResourcesBuildPhase section */

/* Begin PBXSourcesBuildPhase section */
		C1A56017E291DB43231E9393 /* Sources */ = {
			isa = PBXSourcesBuildPhase;
			buildActionMask = 2147483647;
			files = (
				C1A560951501A85CCB44C535 /* DRYBaseNavigationManager.m in Sources */,
				C1A56AD1EF7F5C1F54160E78 /* DRYNavigationDescriptor.m in Sources */,
				C1A5609E4AD4FF7B16922A0F /* NSError+DRYNavigationManager.m in Sources */,
			);
			runOnlyForDeploymentPostprocessing = 0;
		};
		C1A560DE4F737A093BBDCFB6 /* Sources */ = {
			isa = PBXSourcesBuildPhase;
			buildActionMask = 2147483647;
			files = (
				C1A56D81EEA3AAACD7F08CA8 /* DRYNavigationManagerTests.m in Sources */,
				C1A56F4D88788C920DADD872 /* DRYNavigationDescriptorTests.m in Sources */,
				C1A56EDB1EA90983AA246932 /* DRYNavigationDescriptor.m in Sources */,
				C1A56066CD822505F6E556B0 /* DRYBaseNavigationManager.m in Sources */,
			);
			runOnlyForDeploymentPostprocessing = 0;
		};
/* End PBXSourcesBuildPhase section */

/* Begin PBXTargetDependency section */
		C1A56ABF56734B94993EA1FD /* PBXTargetDependency */ = {
			isa = PBXTargetDependency;
			target = C1A56099C79A6511BC5E385C /* DRYNavigationManager */;
			targetProxy = C1A56714A97FCD138788E60A /* PBXContainerItemProxy */;
		};
/* End PBXTargetDependency section */

/* Begin XCBuildConfiguration section */
		C1A56432DC77A4C2B444EC57 /* Debug */ = {
			isa = XCBuildConfiguration;
			buildSettings = {
				DEFINES_MODULE = YES;
				DYLIB_COMPATIBILITY_VERSION = 1;
				DYLIB_CURRENT_VERSION = 1;
				DYLIB_INSTALL_NAME_BASE = "@rpath";
				INFOPLIST_FILE = DRYNavigationManager/Info.plist;
				INSTALL_PATH = "$(LOCAL_LIBRARY_DIR)/Frameworks";
				LD_RUNPATH_SEARCH_PATHS = "$(inherited) @executable_path/Frameworks @loader_path/Frameworks";
				PRODUCT_BUNDLE_IDENTIFIER = be.AppFoundry.DRYNavigationManager;
				PRODUCT_NAME = "$(TARGET_NAME)";
				SKIP_INSTALL = YES;
			};
			name = Debug;
		};
		C1A565E7D016D8B5B23837A7 /* Release */ = {
			isa = XCBuildConfiguration;
			buildSettings = {
				DEFINES_MODULE = YES;
				DYLIB_COMPATIBILITY_VERSION = 1;
				DYLIB_CURRENT_VERSION = 1;
				DYLIB_INSTALL_NAME_BASE = "@rpath";
				INFOPLIST_FILE = DRYNavigationManager/Info.plist;
				INSTALL_PATH = "$(LOCAL_LIBRARY_DIR)/Frameworks";
				LD_RUNPATH_SEARCH_PATHS = "$(inherited) @executable_path/Frameworks @loader_path/Frameworks";
				PRODUCT_BUNDLE_IDENTIFIER = be.AppFoundry.DRYNavigationManager;
				PRODUCT_NAME = "$(TARGET_NAME)";
				SKIP_INSTALL = YES;
			};
			name = Release;
		};
		C1A56E3ED83E981FEC343FA6 /* Release */ = {
			isa = XCBuildConfiguration;
			buildSettings = {
				INFOPLIST_FILE = DRYNavigationManagerTests/Info.plist;
				LD_RUNPATH_SEARCH_PATHS = "$(inherited) @executable_path/Frameworks @loader_path/Frameworks";
				PRODUCT_BUNDLE_IDENTIFIER = be.AppFoundry.DRYNavigationManagerTests;
				PRODUCT_NAME = "$(TARGET_NAME)";
			};
			name = Release;
		};
		C1A56E69FA451B799C8F6D36 /* Debug */ = {
			isa = XCBuildConfiguration;
			buildSettings = {
				INFOPLIST_FILE = DRYNavigationManagerTests/Info.plist;
				LD_RUNPATH_SEARCH_PATHS = "$(inherited) @executable_path/Frameworks @loader_path/Frameworks";
				PRODUCT_BUNDLE_IDENTIFIER = be.AppFoundry.DRYNavigationManagerTests;
				PRODUCT_NAME = "$(TARGET_NAME)";
			};
			name = Debug;
		};
		C1A56EEDD3BDF7AA30F95D1D /* Release */ = {
			isa = XCBuildConfiguration;
			buildSettings = {
				ALWAYS_SEARCH_USER_PATHS = NO;
				CLANG_CXX_LANGUAGE_STANDARD = "gnu++0x";
				CLANG_CXX_LIBRARY = "libc++";
				CLANG_ENABLE_MODULES = YES;
				CLANG_ENABLE_OBJC_ARC = YES;
				CLANG_WARN_BOOL_CONVERSION = YES;
				CLANG_WARN_CONSTANT_CONVERSION = YES;
				CLANG_WARN_DIRECT_OBJC_ISA_USAGE = YES_ERROR;
				CLANG_WARN_EMPTY_BODY = YES;
				CLANG_WARN_ENUM_CONVERSION = YES;
				CLANG_WARN_INT_CONVERSION = YES;
				CLANG_WARN_OBJC_ROOT_CLASS = YES_ERROR;
				CLANG_WARN_UNREACHABLE_CODE = YES;
				CLANG_WARN__DUPLICATE_METHOD_MATCH = YES;
				"CODE_SIGN_IDENTITY[sdk=iphoneos*]" = "iPhone Developer";
				COPY_PHASE_STRIP = NO;
				CURRENT_PROJECT_VERSION = 1;
				DEBUG_INFORMATION_FORMAT = "dwarf-with-dsym";
				ENABLE_NS_ASSERTIONS = NO;
				ENABLE_STRICT_OBJC_MSGSEND = YES;
				GCC_C_LANGUAGE_STANDARD = gnu99;
				GCC_NO_COMMON_BLOCKS = YES;
				GCC_WARN_64_TO_32_BIT_CONVERSION = YES;
				GCC_WARN_ABOUT_RETURN_TYPE = YES_ERROR;
				GCC_WARN_UNDECLARED_SELECTOR = YES;
				GCC_WARN_UNINITIALIZED_AUTOS = YES_AGGRESSIVE;
				GCC_WARN_UNUSED_FUNCTION = YES;
				GCC_WARN_UNUSED_VARIABLE = YES;
				IPHONEOS_DEPLOYMENT_TARGET = 7.0;
				MTL_ENABLE_DEBUG_INFO = NO;
				SDKROOT = iphoneos;
				TARGETED_DEVICE_FAMILY = "1,2";
				VALIDATE_PRODUCT = YES;
				VERSIONING_SYSTEM = "apple-generic";
				VERSION_INFO_PREFIX = "";
			};
			name = Release;
		};
		C1A56F756569C400C4A8DC3D /* Debug */ = {
			isa = XCBuildConfiguration;
			buildSettings = {
				ALWAYS_SEARCH_USER_PATHS = NO;
				CLANG_CXX_LANGUAGE_STANDARD = "gnu++0x";
				CLANG_CXX_LIBRARY = "libc++";
				CLANG_ENABLE_MODULES = YES;
				CLANG_ENABLE_OBJC_ARC = YES;
				CLANG_WARN_BOOL_CONVERSION = YES;
				CLANG_WARN_CONSTANT_CONVERSION = YES;
				CLANG_WARN_DIRECT_OBJC_ISA_USAGE = YES_ERROR;
				CLANG_WARN_EMPTY_BODY = YES;
				CLANG_WARN_ENUM_CONVERSION = YES;
				CLANG_WARN_INT_CONVERSION = YES;
				CLANG_WARN_OBJC_ROOT_CLASS = YES_ERROR;
				CLANG_WARN_UNREACHABLE_CODE = YES;
				CLANG_WARN__DUPLICATE_METHOD_MATCH = YES;
				"CODE_SIGN_IDENTITY[sdk=iphoneos*]" = "iPhone Developer";
				COPY_PHASE_STRIP = NO;
				CURRENT_PROJECT_VERSION = 1;
				DEBUG_INFORMATION_FORMAT = dwarf;
				ENABLE_STRICT_OBJC_MSGSEND = YES;
				ENABLE_TESTABILITY = YES;
				GCC_C_LANGUAGE_STANDARD = gnu99;
				GCC_DYNAMIC_NO_PIC = NO;
				GCC_NO_COMMON_BLOCKS = YES;
				GCC_OPTIMIZATION_LEVEL = 0;
				GCC_PREPROCESSOR_DEFINITIONS = (
					"DEBUG=1",
					"$(inherited)",
				);
				GCC_WARN_64_TO_32_BIT_CONVERSION = YES;
				GCC_WARN_ABOUT_RETURN_TYPE = YES_ERROR;
				GCC_WARN_UNDECLARED_SELECTOR = YES;
				GCC_WARN_UNINITIALIZED_AUTOS = YES_AGGRESSIVE;
				GCC_WARN_UNUSED_FUNCTION = YES;
				GCC_WARN_UNUSED_VARIABLE = YES;
				IPHONEOS_DEPLOYMENT_TARGET = 7.0;
				MTL_ENABLE_DEBUG_INFO = YES;
				ONLY_ACTIVE_ARCH = YES;
				SDKROOT = iphoneos;
				TARGETED_DEVICE_FAMILY = "1,2";
				VERSIONING_SYSTEM = "apple-generic";
				VERSION_INFO_PREFIX = "";
			};
			name = Debug;
		};
/* End XCBuildConfiguration section */

/* Begin XCConfigurationList section */
		C1A56119C4DE2A90DD699009 /* Build configuration list for PBXNativeTarget "DRYNavigationManager" */ = {
			isa = XCConfigurationList;
			buildConfigurations = (
				C1A56432DC77A4C2B444EC57 /* Debug */,
				C1A565E7D016D8B5B23837A7 /* Release */,
			);
			defaultConfigurationIsVisible = 0;
			defaultConfigurationName = Release;
		};
		C1A56DA60CB6FF48BCA600F7 /* Build configuration list for PBXNativeTarget "DRYNavigationManagerTests" */ = {
			isa = XCConfigurationList;
			buildConfigurations = (
				C1A56E69FA451B799C8F6D36 /* Debug */,
				C1A56E3ED83E981FEC343FA6 /* Release */,
			);
			defaultConfigurationIsVisible = 0;
			defaultConfigurationName = Release;
		};
		C1A56EBA9D77F29001910412 /* Build configuration list for PBXProject "DRYNavigationManager" */ = {
			isa = XCConfigurationList;
			buildConfigurations = (
				C1A56F756569C400C4A8DC3D /* Debug */,
				C1A56EEDD3BDF7AA30F95D1D /* Release */,
			);
			defaultConfigurationIsVisible = 0;
			defaultConfigurationName = Release;
		};
/* End XCConfigurationList section */
	};
	rootObject = C1A56BAC101CF198B874A7AF /* Project object */;
}
