// !$*UTF8*$!
{
	archiveVersion = 1;
	classes = {
	};
	objectVersion = 46;
	objects = {

/* Begin PBXBuildFile section */
		080CDE531C3BE6A70014D8F3 /* DRYDefaultNavigatorFactoryTests.m in Sources */ = {isa = PBXBuildFile; fileRef = 080CDE521C3BE6A70014D8F3 /* DRYDefaultNavigatorFactoryTests.m */; };
		08993A661C3BC1CE00803AEE /* Launch Screen.storyboard in Resources */ = {isa = PBXBuildFile; fileRef = 08993A651C3BC1CE00803AEE /* Launch Screen.storyboard */; };
		08993A681C3BC57B00803AEE /* DRYNavigationDescriptorTests.m in Sources */ = {isa = PBXBuildFile; fileRef = 08993A671C3BC57B00803AEE /* DRYNavigationDescriptorTests.m */; };
		27462D531934980C00D74327 /* Foundation.framework in Frameworks */ = {isa = PBXBuildFile; fileRef = 27462D521934980C00D74327 /* Foundation.framework */; };
		27462D551934980C00D74327 /* CoreGraphics.framework in Frameworks */ = {isa = PBXBuildFile; fileRef = 27462D541934980C00D74327 /* CoreGraphics.framework */; };
		27462D571934980C00D74327 /* UIKit.framework in Frameworks */ = {isa = PBXBuildFile; fileRef = 27462D561934980C00D74327 /* UIKit.framework */; };
		27462D5D1934980C00D74327 /* InfoPlist.strings in Resources */ = {isa = PBXBuildFile; fileRef = 27462D5B1934980C00D74327 /* InfoPlist.strings */; };
		27462D5F1934980C00D74327 /* main.m in Sources */ = {isa = PBXBuildFile; fileRef = 27462D5E1934980C00D74327 /* main.m */; };
		27462D651934980C00D74327 /* Images.xcassets in Resources */ = {isa = PBXBuildFile; fileRef = 27462D641934980C00D74327 /* Images.xcassets */; };
		27462D6C1934980C00D74327 /* XCTest.framework in Frameworks */ = {isa = PBXBuildFile; fileRef = 27462D6B1934980C00D74327 /* XCTest.framework */; };
		27462D6D1934980C00D74327 /* Foundation.framework in Frameworks */ = {isa = PBXBuildFile; fileRef = 27462D521934980C00D74327 /* Foundation.framework */; };
		27462D6E1934980C00D74327 /* UIKit.framework in Frameworks */ = {isa = PBXBuildFile; fileRef = 27462D561934980C00D74327 /* UIKit.framework */; };
		27462D761934980C00D74327 /* InfoPlist.strings in Resources */ = {isa = PBXBuildFile; fileRef = 27462D741934980C00D74327 /* InfoPlist.strings */; };
		2780199E199A5149005A4449 /* ModalViewController.m in Sources */ = {isa = PBXBuildFile; fileRef = 2780199D199A5149005A4449 /* ModalViewController.m */; };
		27B6C78C1D096B9E00622E7C /* MainFlowViewControllerInitializer.m in Sources */ = {isa = PBXBuildFile; fileRef = 27B6C78B1D096B9E00622E7C /* MainFlowViewControllerInitializer.m */; };
		27B6C78F1D096BB400622E7C /* LoginFlowViewControllerInitializer.m in Sources */ = {isa = PBXBuildFile; fileRef = 27B6C78E1D096BB400622E7C /* LoginFlowViewControllerInitializer.m */; };
		3323F35A32E6C6D9B4CEA5CF /* BaseViewController.m in Sources */ = {isa = PBXBuildFile; fileRef = 3323FF19E16D27FE4F2799CF /* BaseViewController.m */; };
		3323F89939ACB75169417017 /* HelloViewController.m in Sources */ = {isa = PBXBuildFile; fileRef = 3323F8D77D683D31464814AC /* HelloViewController.m */; };
		3323F8BCEDB023E3F0057374 /* MainViewController.m in Sources */ = {isa = PBXBuildFile; fileRef = 3323F37BAE7BB9AE682D2775 /* MainViewController.m */; };
		3323FADD33E466CD5F237435 /* AppDelegate.m in Sources */ = {isa = PBXBuildFile; fileRef = 3323F562E1FD3967134F56F5 /* AppDelegate.m */; };
		3323FBDF850FF2B5636F21CF /* InTabViewController.m in Sources */ = {isa = PBXBuildFile; fileRef = 3323F45CAF2E3C16A85765AE /* InTabViewController.m */; };
		3AA37BE9F769C2634B4F6C27 /* libPods-DRYNavigationManagerDemo.a in Frameworks */ = {isa = PBXBuildFile; fileRef = 7F05633284964819992ED1B1 /* libPods-DRYNavigationManagerDemo.a */; };
		A90F1019491D152041282487 /* DefaultNavigationTranslationDataSource.m in Sources */ = {isa = PBXBuildFile; fileRef = A90F1D19A644603AA6F2138C /* DefaultNavigationTranslationDataSource.m */; };
		A90F116F967DF9F00B3A17E2 /* AppConfiguration.m in Sources */ = {isa = PBXBuildFile; fileRef = A90F1FC742DA735DDAC71FE5 /* AppConfiguration.m */; };
		A90F11C1B20F94F56C5C34E2 /* TabBarControllerNavigator.m in Sources */ = {isa = PBXBuildFile; fileRef = A90F196903A19DFD957484D3 /* TabBarControllerNavigator.m */; };
		A90F11E1F406B1549FE0D4F6 /* CloseModalViewControllerNavigator.m in Sources */ = {isa = PBXBuildFile; fileRef = A90F11A8254CEC2015C95CD3 /* CloseModalViewControllerNavigator.m */; };
		A90F170AB57039C33C657719 /* ModalViewControllerNavigator.m in Sources */ = {isa = PBXBuildFile; fileRef = A90F11922A547E1BA9330BD1 /* ModalViewControllerNavigator.m */; };
		A90F18A50D973B66954003F4 /* DemoNavigatorFactory.m in Sources */ = {isa = PBXBuildFile; fileRef = A90F16E3B07F9BFD239144BC /* DemoNavigatorFactory.m */; };
		A90F1D27F8ECFA10B638F314 /* HelloViewControllerNavigator.m in Sources */ = {isa = PBXBuildFile; fileRef = A90F192F976811DE7080690C /* HelloViewControllerNavigator.m */; };
		AB7AC3C7BD043E2EC871A383 /* libPods-DRYNavigationManagerDemoTests.a in Frameworks */ = {isa = PBXBuildFile; fileRef = 9185CBBA34360F2A29418E87 /* libPods-DRYNavigationManagerDemoTests.a */; };
		C1A56FD2C44925904C361BDF /* DRYBaseNavigationManagerTests.m in Sources */ = {isa = PBXBuildFile; fileRef = C1A56D14FEB4E97ED7B2B1E3 /* DRYBaseNavigationManagerTests.m */; };
/* End PBXBuildFile section */

/* Begin PBXContainerItemProxy section */
		27462D6F1934980C00D74327 /* PBXContainerItemProxy */ = {
			isa = PBXContainerItemProxy;
			containerPortal = 27462D471934980B00D74327 /* Project object */;
			proxyType = 1;
			remoteGlobalIDString = 27462D4E1934980B00D74327;
			remoteInfo = DRYNavigationManagerDemo;
		};
/* End PBXContainerItemProxy section */

/* Begin PBXFileReference section */
		076D441E9E1B35D42DCC0C16 /* Pods-DRYNavigationManagerDemo.release.xcconfig */ = {isa = PBXFileReference; includeInIndex = 1; lastKnownFileType = text.xcconfig; name = "Pods-DRYNavigationManagerDemo.release.xcconfig"; path = "Pods/Target Support Files/Pods-DRYNavigationManagerDemo/Pods-DRYNavigationManagerDemo.release.xcconfig"; sourceTree = "<group>"; };
		080CDE521C3BE6A70014D8F3 /* DRYDefaultNavigatorFactoryTests.m */ = {isa = PBXFileReference; fileEncoding = 4; lastKnownFileType = sourcecode.c.objc; path = DRYDefaultNavigatorFactoryTests.m; sourceTree = "<group>"; };
		08993A651C3BC1CE00803AEE /* Launch Screen.storyboard */ = {isa = PBXFileReference; fileEncoding = 4; lastKnownFileType = file.storyboard; path = "Launch Screen.storyboard"; sourceTree = "<group>"; };
		08993A671C3BC57B00803AEE /* DRYNavigationDescriptorTests.m */ = {isa = PBXFileReference; fileEncoding = 4; lastKnownFileType = sourcecode.c.objc; path = DRYNavigationDescriptorTests.m; sourceTree = "<group>"; };
		27462D4F1934980C00D74327 /* DRYNavigationManagerDemo.app */ = {isa = PBXFileReference; explicitFileType = wrapper.application; includeInIndex = 0; path = DRYNavigationManagerDemo.app; sourceTree = BUILT_PRODUCTS_DIR; };
		27462D521934980C00D74327 /* Foundation.framework */ = {isa = PBXFileReference; lastKnownFileType = wrapper.framework; name = Foundation.framework; path = System/Library/Frameworks/Foundation.framework; sourceTree = SDKROOT; };
		27462D541934980C00D74327 /* CoreGraphics.framework */ = {isa = PBXFileReference; lastKnownFileType = wrapper.framework; name = CoreGraphics.framework; path = System/Library/Frameworks/CoreGraphics.framework; sourceTree = SDKROOT; };
		27462D561934980C00D74327 /* UIKit.framework */ = {isa = PBXFileReference; lastKnownFileType = wrapper.framework; name = UIKit.framework; path = System/Library/Frameworks/UIKit.framework; sourceTree = SDKROOT; };
		27462D5A1934980C00D74327 /* DRYNavigationManagerDemo-Info.plist */ = {isa = PBXFileReference; lastKnownFileType = text.plist.xml; path = "DRYNavigationManagerDemo-Info.plist"; sourceTree = "<group>"; };
		27462D5C1934980C00D74327 /* en */ = {isa = PBXFileReference; lastKnownFileType = text.plist.strings; name = en; path = en.lproj/InfoPlist.strings; sourceTree = "<group>"; };
		27462D5E1934980C00D74327 /* main.m */ = {isa = PBXFileReference; lastKnownFileType = sourcecode.c.objc; path = main.m; sourceTree = "<group>"; };
		27462D601934980C00D74327 /* DRYNavigationManagerDemo-Prefix.pch */ = {isa = PBXFileReference; lastKnownFileType = sourcecode.c.h; path = "DRYNavigationManagerDemo-Prefix.pch"; sourceTree = "<group>"; };
		27462D641934980C00D74327 /* Images.xcassets */ = {isa = PBXFileReference; lastKnownFileType = folder.assetcatalog; path = Images.xcassets; sourceTree = "<group>"; };
		27462D6A1934980C00D74327 /* DRYNavigationManagerDemoTests.xctest */ = {isa = PBXFileReference; explicitFileType = wrapper.cfbundle; includeInIndex = 0; path = DRYNavigationManagerDemoTests.xctest; sourceTree = BUILT_PRODUCTS_DIR; };
		27462D6B1934980C00D74327 /* XCTest.framework */ = {isa = PBXFileReference; lastKnownFileType = wrapper.framework; name = XCTest.framework; path = Library/Frameworks/XCTest.framework; sourceTree = DEVELOPER_DIR; };
		27462D731934980C00D74327 /* DRYNavigationManagerDemoTests-Info.plist */ = {isa = PBXFileReference; lastKnownFileType = text.plist.xml; path = "DRYNavigationManagerDemoTests-Info.plist"; sourceTree = "<group>"; };
		27462D751934980C00D74327 /* en */ = {isa = PBXFileReference; lastKnownFileType = text.plist.strings; name = en; path = en.lproj/InfoPlist.strings; sourceTree = "<group>"; };
		2780199C199A5149005A4449 /* ModalViewController.h */ = {isa = PBXFileReference; fileEncoding = 4; lastKnownFileType = sourcecode.c.h; path = ModalViewController.h; sourceTree = "<group>"; };
		2780199D199A5149005A4449 /* ModalViewController.m */ = {isa = PBXFileReference; fileEncoding = 4; lastKnownFileType = sourcecode.c.objc; path = ModalViewController.m; sourceTree = "<group>"; };
		27B6C78A1D096B9E00622E7C /* MainFlowViewControllerInitializer.h */ = {isa = PBXFileReference; fileEncoding = 4; lastKnownFileType = sourcecode.c.h; path = MainFlowViewControllerInitializer.h; sourceTree = "<group>"; };
		27B6C78B1D096B9E00622E7C /* MainFlowViewControllerInitializer.m */ = {isa = PBXFileReference; fileEncoding = 4; lastKnownFileType = sourcecode.c.objc; path = MainFlowViewControllerInitializer.m; sourceTree = "<group>"; };
		27B6C78D1D096BB400622E7C /* LoginFlowViewControllerInitializer.h */ = {isa = PBXFileReference; fileEncoding = 4; lastKnownFileType = sourcecode.c.h; path = LoginFlowViewControllerInitializer.h; sourceTree = "<group>"; };
		27B6C78E1D096BB400622E7C /* LoginFlowViewControllerInitializer.m */ = {isa = PBXFileReference; fileEncoding = 4; lastKnownFileType = sourcecode.c.objc; path = LoginFlowViewControllerInitializer.m; sourceTree = "<group>"; };
		3323F04A91AC6B1816865968 /* InTabViewController.h */ = {isa = PBXFileReference; fileEncoding = 4; lastKnownFileType = sourcecode.c.h; path = InTabViewController.h; sourceTree = "<group>"; };
		3323F37BAE7BB9AE682D2775 /* MainViewController.m */ = {isa = PBXFileReference; fileEncoding = 4; lastKnownFileType = sourcecode.c.objc; path = MainViewController.m; sourceTree = "<group>"; };
		3323F45CAF2E3C16A85765AE /* InTabViewController.m */ = {isa = PBXFileReference; fileEncoding = 4; lastKnownFileType = sourcecode.c.objc; path = InTabViewController.m; sourceTree = "<group>"; };
		3323F562E1FD3967134F56F5 /* AppDelegate.m */ = {isa = PBXFileReference; fileEncoding = 4; lastKnownFileType = sourcecode.c.objc; path = AppDelegate.m; sourceTree = "<group>"; };
		3323F7C56E011E1F4C28062D /* BaseViewController.h */ = {isa = PBXFileReference; fileEncoding = 4; lastKnownFileType = sourcecode.c.h; path = BaseViewController.h; sourceTree = "<group>"; };
		3323F8D77D683D31464814AC /* HelloViewController.m */ = {isa = PBXFileReference; fileEncoding = 4; lastKnownFileType = sourcecode.c.objc; path = HelloViewController.m; sourceTree = "<group>"; };
		3323FA6CAC6FA5B10A17A7E5 /* AppDelegate.h */ = {isa = PBXFileReference; fileEncoding = 4; lastKnownFileType = sourcecode.c.h; path = AppDelegate.h; sourceTree = "<group>"; };
		3323FA7EB178E88252939881 /* MainViewController.h */ = {isa = PBXFileReference; fileEncoding = 4; lastKnownFileType = sourcecode.c.h; path = MainViewController.h; sourceTree = "<group>"; };
		3323FD0BA831CFFA0F067F08 /* HelloViewController.h */ = {isa = PBXFileReference; fileEncoding = 4; lastKnownFileType = sourcecode.c.h; path = HelloViewController.h; sourceTree = "<group>"; };
		3323FE842BDCC2B9726DBB42 /* HelloSayer.h */ = {isa = PBXFileReference; fileEncoding = 4; lastKnownFileType = sourcecode.c.h; path = HelloSayer.h; sourceTree = "<group>"; };
		3323FF19E16D27FE4F2799CF /* BaseViewController.m */ = {isa = PBXFileReference; fileEncoding = 4; lastKnownFileType = sourcecode.c.objc; path = BaseViewController.m; sourceTree = "<group>"; };
		3DB32CA01B6C66FF115CC2DD /* Pods-DRYNavigationManagerDemoTests.release.xcconfig */ = {isa = PBXFileReference; includeInIndex = 1; lastKnownFileType = text.xcconfig; name = "Pods-DRYNavigationManagerDemoTests.release.xcconfig"; path = "Pods/Target Support Files/Pods-DRYNavigationManagerDemoTests/Pods-DRYNavigationManagerDemoTests.release.xcconfig"; sourceTree = "<group>"; };
		7F05633284964819992ED1B1 /* libPods-DRYNavigationManagerDemo.a */ = {isa = PBXFileReference; explicitFileType = archive.ar; includeInIndex = 0; path = "libPods-DRYNavigationManagerDemo.a"; sourceTree = BUILT_PRODUCTS_DIR; };
		8F1DA3234834B66EC5EA538A /* Pods-DRYNavigationManagerDemoTests.debug.xcconfig */ = {isa = PBXFileReference; includeInIndex = 1; lastKnownFileType = text.xcconfig; name = "Pods-DRYNavigationManagerDemoTests.debug.xcconfig"; path = "Pods/Target Support Files/Pods-DRYNavigationManagerDemoTests/Pods-DRYNavigationManagerDemoTests.debug.xcconfig"; sourceTree = "<group>"; };
		9185CBBA34360F2A29418E87 /* libPods-DRYNavigationManagerDemoTests.a */ = {isa = PBXFileReference; explicitFileType = archive.ar; includeInIndex = 0; path = "libPods-DRYNavigationManagerDemoTests.a"; sourceTree = BUILT_PRODUCTS_DIR; };
		9C268509EB13C95104568428 /* Pods-DRYNavigationManagerDemo.debug.xcconfig */ = {isa = PBXFileReference; includeInIndex = 1; lastKnownFileType = text.xcconfig; name = "Pods-DRYNavigationManagerDemo.debug.xcconfig"; path = "Pods/Target Support Files/Pods-DRYNavigationManagerDemo/Pods-DRYNavigationManagerDemo.debug.xcconfig"; sourceTree = "<group>"; };
		A90F11922A547E1BA9330BD1 /* ModalViewControllerNavigator.m */ = {isa = PBXFileReference; fileEncoding = 4; lastKnownFileType = sourcecode.c.objc; path = ModalViewControllerNavigator.m; sourceTree = "<group>"; };
		A90F11A8254CEC2015C95CD3 /* CloseModalViewControllerNavigator.m */ = {isa = PBXFileReference; fileEncoding = 4; lastKnownFileType = sourcecode.c.objc; path = CloseModalViewControllerNavigator.m; sourceTree = "<group>"; };
		A90F1578BDBCBEE3CBFE048A /* AppConfiguration.h */ = {isa = PBXFileReference; fileEncoding = 4; lastKnownFileType = sourcecode.c.h; path = AppConfiguration.h; sourceTree = "<group>"; };
		A90F16E3B07F9BFD239144BC /* DemoNavigatorFactory.m */ = {isa = PBXFileReference; fileEncoding = 4; lastKnownFileType = sourcecode.c.objc; path = DemoNavigatorFactory.m; sourceTree = "<group>"; };
		A90F1736E06F133BC636A50E /* HelloViewControllerNavigator.h */ = {isa = PBXFileReference; fileEncoding = 4; lastKnownFileType = sourcecode.c.h; path = HelloViewControllerNavigator.h; sourceTree = "<group>"; };
		A90F192F976811DE7080690C /* HelloViewControllerNavigator.m */ = {isa = PBXFileReference; fileEncoding = 4; lastKnownFileType = sourcecode.c.objc; path = HelloViewControllerNavigator.m; sourceTree = "<group>"; };
		A90F196903A19DFD957484D3 /* TabBarControllerNavigator.m */ = {isa = PBXFileReference; fileEncoding = 4; lastKnownFileType = sourcecode.c.objc; path = TabBarControllerNavigator.m; sourceTree = "<group>"; };
		A90F1A6CABED020EA0EDEC63 /* NavigationConstants.h */ = {isa = PBXFileReference; fileEncoding = 4; lastKnownFileType = sourcecode.c.h; path = NavigationConstants.h; sourceTree = "<group>"; };
		A90F1B49212246C4117F0696 /* DemoNavigatorFactory.h */ = {isa = PBXFileReference; fileEncoding = 4; lastKnownFileType = sourcecode.c.h; path = DemoNavigatorFactory.h; sourceTree = "<group>"; };
		A90F1C960E17D619FF994413 /* ModalViewControllerNavigator.h */ = {isa = PBXFileReference; fileEncoding = 4; lastKnownFileType = sourcecode.c.h; path = ModalViewControllerNavigator.h; sourceTree = "<group>"; };
		A90F1D19A644603AA6F2138C /* DefaultNavigationTranslationDataSource.m */ = {isa = PBXFileReference; fileEncoding = 4; lastKnownFileType = sourcecode.c.objc; path = DefaultNavigationTranslationDataSource.m; sourceTree = "<group>"; };
		A90F1D7624041A038CC8D03B /* CloseModalViewControllerNavigator.h */ = {isa = PBXFileReference; fileEncoding = 4; lastKnownFileType = sourcecode.c.h; path = CloseModalViewControllerNavigator.h; sourceTree = "<group>"; };
		A90F1DD4CA9EFD7570569ECE /* TabBarControllerNavigator.h */ = {isa = PBXFileReference; fileEncoding = 4; lastKnownFileType = sourcecode.c.h; path = TabBarControllerNavigator.h; sourceTree = "<group>"; };
		A90F1F6F17038D93916234A5 /* DefaultNavigationTranslationDataSource.h */ = {isa = PBXFileReference; fileEncoding = 4; lastKnownFileType = sourcecode.c.h; path = DefaultNavigationTranslationDataSource.h; sourceTree = "<group>"; };
		A90F1FC742DA735DDAC71FE5 /* AppConfiguration.m */ = {isa = PBXFileReference; fileEncoding = 4; lastKnownFileType = sourcecode.c.objc; path = AppConfiguration.m; sourceTree = "<group>"; };
		C1A56314D3A86E1D530304FA /* DRYNavigationManagerTests.h */ = {isa = PBXFileReference; fileEncoding = 4; lastKnownFileType = sourcecode.c.h; path = DRYNavigationManagerTests.h; sourceTree = "<group>"; };
		C1A56D14FEB4E97ED7B2B1E3 /* DRYBaseNavigationManagerTests.m */ = {isa = PBXFileReference; fileEncoding = 4; lastKnownFileType = sourcecode.c.objc; path = DRYBaseNavigationManagerTests.m; sourceTree = "<group>"; };
/* End PBXFileReference section */

/* Begin PBXFrameworksBuildPhase section */
		27462D4C1934980B00D74327 /* Frameworks */ = {
			isa = PBXFrameworksBuildPhase;
			buildActionMask = 2147483647;
			files = (
				27462D551934980C00D74327 /* CoreGraphics.framework in Frameworks */,
				27462D571934980C00D74327 /* UIKit.framework in Frameworks */,
				27462D531934980C00D74327 /* Foundation.framework in Frameworks */,
				3AA37BE9F769C2634B4F6C27 /* libPods-DRYNavigationManagerDemo.a in Frameworks */,
			);
			runOnlyForDeploymentPostprocessing = 0;
		};
		27462D671934980C00D74327 /* Frameworks */ = {
			isa = PBXFrameworksBuildPhase;
			buildActionMask = 2147483647;
			files = (
				27462D6C1934980C00D74327 /* XCTest.framework in Frameworks */,
				27462D6E1934980C00D74327 /* UIKit.framework in Frameworks */,
				27462D6D1934980C00D74327 /* Foundation.framework in Frameworks */,
				AB7AC3C7BD043E2EC871A383 /* libPods-DRYNavigationManagerDemoTests.a in Frameworks */,
			);
			runOnlyForDeploymentPostprocessing = 0;
		};
/* End PBXFrameworksBuildPhase section */

/* Begin PBXGroup section */
		27462D461934980B00D74327 = {
			isa = PBXGroup;
			children = (
				27462D581934980C00D74327 /* DRYNavigationManagerDemo */,
				27462D711934980C00D74327 /* DRYNavigationManagerDemoTests */,
				27462D511934980C00D74327 /* Frameworks */,
				27462D501934980C00D74327 /* Products */,
				EC32C9F4A04F649A6AFD1E93 /* Pods */,
			);
			sourceTree = "<group>";
		};
		27462D501934980C00D74327 /* Products */ = {
			isa = PBXGroup;
			children = (
				27462D4F1934980C00D74327 /* DRYNavigationManagerDemo.app */,
				27462D6A1934980C00D74327 /* DRYNavigationManagerDemoTests.xctest */,
			);
			name = Products;
			sourceTree = "<group>";
		};
		27462D511934980C00D74327 /* Frameworks */ = {
			isa = PBXGroup;
			children = (
				27462D521934980C00D74327 /* Foundation.framework */,
				27462D541934980C00D74327 /* CoreGraphics.framework */,
				27462D561934980C00D74327 /* UIKit.framework */,
				27462D6B1934980C00D74327 /* XCTest.framework */,
				7F05633284964819992ED1B1 /* libPods-DRYNavigationManagerDemo.a */,
				9185CBBA34360F2A29418E87 /* libPods-DRYNavigationManagerDemoTests.a */,
			);
			name = Frameworks;
			sourceTree = "<group>";
		};
		27462D581934980C00D74327 /* DRYNavigationManagerDemo */ = {
			isa = PBXGroup;
			children = (
				27462D641934980C00D74327 /* Images.xcassets */,
				27462D591934980C00D74327 /* Supporting Files */,
				3323FA6CAC6FA5B10A17A7E5 /* AppDelegate.h */,
				3323F562E1FD3967134F56F5 /* AppDelegate.m */,
				3323F3409B64BD4A7FB54385 /* Configuration */,
				3323F9E2177F3F9798C663F7 /* Controllers */,
			);
			path = DRYNavigationManagerDemo;
			sourceTree = "<group>";
		};
		27462D591934980C00D74327 /* Supporting Files */ = {
			isa = PBXGroup;
			children = (
				27462D5A1934980C00D74327 /* DRYNavigationManagerDemo-Info.plist */,
				27462D5B1934980C00D74327 /* InfoPlist.strings */,
				27462D5E1934980C00D74327 /* main.m */,
				27462D601934980C00D74327 /* DRYNavigationManagerDemo-Prefix.pch */,
				08993A651C3BC1CE00803AEE /* Launch Screen.storyboard */,
			);
			name = "Supporting Files";
			sourceTree = "<group>";
		};
		27462D711934980C00D74327 /* DRYNavigationManagerDemoTests */ = {
			isa = PBXGroup;
			children = (
				08993A671C3BC57B00803AEE /* DRYNavigationDescriptorTests.m */,
				080CDE521C3BE6A70014D8F3 /* DRYDefaultNavigatorFactoryTests.m */,
				27462D721934980C00D74327 /* Supporting Files */,
				C1A56D14FEB4E97ED7B2B1E3 /* DRYBaseNavigationManagerTests.m */,
				C1A56314D3A86E1D530304FA /* DRYNavigationManagerTests.h */,
			);
			path = DRYNavigationManagerDemoTests;
			sourceTree = "<group>";
		};
		27462D721934980C00D74327 /* Supporting Files */ = {
			isa = PBXGroup;
			children = (
				27462D731934980C00D74327 /* DRYNavigationManagerDemoTests-Info.plist */,
				27462D741934980C00D74327 /* InfoPlist.strings */,
			);
			name = "Supporting Files";
			sourceTree = "<group>";
		};
		27B6C7891D096B6600622E7C /* FlowViewControllerInitializer */ = {
			isa = PBXGroup;
			children = (
				27B6C78A1D096B9E00622E7C /* MainFlowViewControllerInitializer.h */,
				27B6C78B1D096B9E00622E7C /* MainFlowViewControllerInitializer.m */,
				27B6C78D1D096BB400622E7C /* LoginFlowViewControllerInitializer.h */,
				27B6C78E1D096BB400622E7C /* LoginFlowViewControllerInitializer.m */,
			);
			path = FlowViewControllerInitializer;
			sourceTree = "<group>";
		};
		3323F3409B64BD4A7FB54385 /* Configuration */ = {
			isa = PBXGroup;
			children = (
				A90F168626CA552FD132CDFB /* Reliant */,
				A90F17D2A4D94F0B923688C8 /* Navigation */,
			);
			path = Configuration;
			sourceTree = "<group>";
		};
		3323F9E2177F3F9798C663F7 /* Controllers */ = {
			isa = PBXGroup;
			children = (
				3323FE842BDCC2B9726DBB42 /* HelloSayer.h */,
				3323FA7EB178E88252939881 /* MainViewController.h */,
				3323F37BAE7BB9AE682D2775 /* MainViewController.m */,
				3323F04A91AC6B1816865968 /* InTabViewController.h */,
				3323F45CAF2E3C16A85765AE /* InTabViewController.m */,
				3323FD0BA831CFFA0F067F08 /* HelloViewController.h */,
				3323F8D77D683D31464814AC /* HelloViewController.m */,
				3323F7C56E011E1F4C28062D /* BaseViewController.h */,
				3323FF19E16D27FE4F2799CF /* BaseViewController.m */,
				2780199C199A5149005A4449 /* ModalViewController.h */,
				2780199D199A5149005A4449 /* ModalViewController.m */,
			);
			path = Controllers;
			sourceTree = "<group>";
		};
		A90F168626CA552FD132CDFB /* Reliant */ = {
			isa = PBXGroup;
			children = (
				A90F1FC742DA735DDAC71FE5 /* AppConfiguration.m */,
				A90F1578BDBCBEE3CBFE048A /* AppConfiguration.h */,
			);
			path = Reliant;
			sourceTree = "<group>";
		};
		A90F17D2A4D94F0B923688C8 /* Navigation */ = {
			isa = PBXGroup;
			children = (
				27B6C7891D096B6600622E7C /* FlowViewControllerInitializer */,
				A90F1F6F17038D93916234A5 /* DefaultNavigationTranslationDataSource.h */,
				A90F1D19A644603AA6F2138C /* DefaultNavigationTranslationDataSource.m */,
				A90F1EF8C0698E9CEA792943 /* HelloViewNavigation */,
				A90F1A6CABED020EA0EDEC63 /* NavigationConstants.h */,
				A90F16E3B07F9BFD239144BC /* DemoNavigatorFactory.m */,
				A90F1B49212246C4117F0696 /* DemoNavigatorFactory.h */,
			);
			path = Navigation;
			sourceTree = "<group>";
		};
		A90F1EF8C0698E9CEA792943 /* HelloViewNavigation */ = {
			isa = PBXGroup;
			children = (
				A90F192F976811DE7080690C /* HelloViewControllerNavigator.m */,
				A90F1736E06F133BC636A50E /* HelloViewControllerNavigator.h */,
				A90F196903A19DFD957484D3 /* TabBarControllerNavigator.m */,
				A90F1DD4CA9EFD7570569ECE /* TabBarControllerNavigator.h */,
				A90F11922A547E1BA9330BD1 /* ModalViewControllerNavigator.m */,
				A90F1C960E17D619FF994413 /* ModalViewControllerNavigator.h */,
				A90F11A8254CEC2015C95CD3 /* CloseModalViewControllerNavigator.m */,
				A90F1D7624041A038CC8D03B /* CloseModalViewControllerNavigator.h */,
			);
			path = HelloViewNavigation;
			sourceTree = "<group>";
		};
		EC32C9F4A04F649A6AFD1E93 /* Pods */ = {
			isa = PBXGroup;
			children = (
				9C268509EB13C95104568428 /* Pods-DRYNavigationManagerDemo.debug.xcconfig */,
				076D441E9E1B35D42DCC0C16 /* Pods-DRYNavigationManagerDemo.release.xcconfig */,
				8F1DA3234834B66EC5EA538A /* Pods-DRYNavigationManagerDemoTests.debug.xcconfig */,
				3DB32CA01B6C66FF115CC2DD /* Pods-DRYNavigationManagerDemoTests.release.xcconfig */,
			);
			name = Pods;
			sourceTree = "<group>";
		};
/* End PBXGroup section */

/* Begin PBXNativeTarget section */
		27462D4E1934980B00D74327 /* DRYNavigationManagerDemo */ = {
			isa = PBXNativeTarget;
			buildConfigurationList = 27462D7B1934980C00D74327 /* Build configuration list for PBXNativeTarget "DRYNavigationManagerDemo" */;
			buildPhases = (
				A98ACF732DE4EE5A0A35ED8C /* [CP] Check Pods Manifest.lock */,
				27462D4B1934980B00D74327 /* Sources */,
				27462D4C1934980B00D74327 /* Frameworks */,
				27462D4D1934980B00D74327 /* Resources */,
				5BA0C6E806689B3D7709F0AF /* [CP] Embed Pods Frameworks */,
				C747EEC38014450ED87DE811 /* [CP] Copy Pods Resources */,
			);
			buildRules = (
			);
			dependencies = (
			);
			name = DRYNavigationManagerDemo;
			productName = DRYNavigationManagerDemo;
			productReference = 27462D4F1934980C00D74327 /* DRYNavigationManagerDemo.app */;
			productType = "com.apple.product-type.application";
		};
		27462D691934980C00D74327 /* DRYNavigationManagerDemoTests */ = {
			isa = PBXNativeTarget;
			buildConfigurationList = 27462D7E1934980C00D74327 /* Build configuration list for PBXNativeTarget "DRYNavigationManagerDemoTests" */;
			buildPhases = (
				583A7EB8AE3A0C5681FB092D /* [CP] Check Pods Manifest.lock */,
				27462D661934980C00D74327 /* Sources */,
				27462D671934980C00D74327 /* Frameworks */,
				27462D681934980C00D74327 /* Resources */,
				FD3E4B182661E8964BB58C1B /* [CP] Embed Pods Frameworks */,
				B6F1BD08926EA0A68D1BBDBE /* [CP] Copy Pods Resources */,
			);
			buildRules = (
			);
			dependencies = (
				27462D701934980C00D74327 /* PBXTargetDependency */,
			);
			name = DRYNavigationManagerDemoTests;
			productName = DRYNavigationManagerDemoTests;
			productReference = 27462D6A1934980C00D74327 /* DRYNavigationManagerDemoTests.xctest */;
			productType = "com.apple.product-type.bundle.unit-test";
		};
/* End PBXNativeTarget section */

/* Begin PBXProject section */
		27462D471934980B00D74327 /* Project object */ = {
			isa = PBXProject;
			attributes = {
				LastUpgradeCheck = 0710;
				ORGANIZATIONNAME = AppFoundry;
				TargetAttributes = {
					27462D691934980C00D74327 = {
						TestTargetID = 27462D4E1934980B00D74327;
					};
				};
			};
			buildConfigurationList = 27462D4A1934980B00D74327 /* Build configuration list for PBXProject "DRYNavigationManagerDemo" */;
			compatibilityVersion = "Xcode 3.2";
			developmentRegion = English;
			hasScannedForEncodings = 0;
			knownRegions = (
				en,
			);
			mainGroup = 27462D461934980B00D74327;
			productRefGroup = 27462D501934980C00D74327 /* Products */;
			projectDirPath = "";
			projectRoot = "";
			targets = (
				27462D4E1934980B00D74327 /* DRYNavigationManagerDemo */,
				27462D691934980C00D74327 /* DRYNavigationManagerDemoTests */,
			);
		};
/* End PBXProject section */

/* Begin PBXResourcesBuildPhase section */
		27462D4D1934980B00D74327 /* Resources */ = {
			isa = PBXResourcesBuildPhase;
			buildActionMask = 2147483647;
			files = (
				08993A661C3BC1CE00803AEE /* Launch Screen.storyboard in Resources */,
				27462D5D1934980C00D74327 /* InfoPlist.strings in Resources */,
				27462D651934980C00D74327 /* Images.xcassets in Resources */,
			);
			runOnlyForDeploymentPostprocessing = 0;
		};
		27462D681934980C00D74327 /* Resources */ = {
			isa = PBXResourcesBuildPhase;
			buildActionMask = 2147483647;
			files = (
				27462D761934980C00D74327 /* InfoPlist.strings in Resources */,
			);
			runOnlyForDeploymentPostprocessing = 0;
		};
/* End PBXResourcesBuildPhase section */

/* Begin PBXShellScriptBuildPhase section */
		583A7EB8AE3A0C5681FB092D /* [CP] Check Pods Manifest.lock */ = {
			isa = PBXShellScriptBuildPhase;
			buildActionMask = 2147483647;
			files = (
			);
			inputPaths = (
			);
			name = "[CP] Check Pods Manifest.lock";
			outputPaths = (
			);
			runOnlyForDeploymentPostprocessing = 0;
			shellPath = /bin/sh;
			shellScript = "diff \"${PODS_ROOT}/../Podfile.lock\" \"${PODS_ROOT}/Manifest.lock\" > /dev/null\nif [[ $? != 0 ]] ; then\n    cat << EOM\nerror: The sandbox is not in sync with the Podfile.lock. Run 'pod install' or update your CocoaPods installation.\nEOM\n    exit 1\nfi\n";
			showEnvVarsInLog = 0;
		};
		5BA0C6E806689B3D7709F0AF /* [CP] Embed Pods Frameworks */ = {
			isa = PBXShellScriptBuildPhase;
			buildActionMask = 2147483647;
			files = (
			);
			inputPaths = (
			);
			name = "[CP] Embed Pods Frameworks";
			outputPaths = (
			);
			runOnlyForDeploymentPostprocessing = 0;
			shellPath = /bin/sh;
			shellScript = "\"${SRCROOT}/Pods/Target Support Files/Pods-DRYNavigationManagerDemo/Pods-DRYNavigationManagerDemo-frameworks.sh\"\n";
			showEnvVarsInLog = 0;
		};
		A98ACF732DE4EE5A0A35ED8C /* [CP] Check Pods Manifest.lock */ = {
			isa = PBXShellScriptBuildPhase;
			buildActionMask = 2147483647;
			files = (
			);
			inputPaths = (
			);
			name = "[CP] Check Pods Manifest.lock";
			outputPaths = (
			);
			runOnlyForDeploymentPostprocessing = 0;
			shellPath = /bin/sh;
			shellScript = "diff \"${PODS_ROOT}/../Podfile.lock\" \"${PODS_ROOT}/Manifest.lock\" > /dev/null\nif [[ $? != 0 ]] ; then\n    cat << EOM\nerror: The sandbox is not in sync with the Podfile.lock. Run 'pod install' or update your CocoaPods installation.\nEOM\n    exit 1\nfi\n";
			showEnvVarsInLog = 0;
		};
		B6F1BD08926EA0A68D1BBDBE /* [CP] Copy Pods Resources */ = {
			isa = PBXShellScriptBuildPhase;
			buildActionMask = 2147483647;
			files = (
			);
			inputPaths = (
			);
			name = "[CP] Copy Pods Resources";
			outputPaths = (
			);
			runOnlyForDeploymentPostprocessing = 0;
			shellPath = /bin/sh;
			shellScript = "\"${SRCROOT}/Pods/Target Support Files/Pods-DRYNavigationManagerDemoTests/Pods-DRYNavigationManagerDemoTests-resources.sh\"\n";
			showEnvVarsInLog = 0;
		};
		C747EEC38014450ED87DE811 /* [CP] Copy Pods Resources */ = {
			isa = PBXShellScriptBuildPhase;
			buildActionMask = 2147483647;
			files = (
			);
			inputPaths = (
			);
			name = "[CP] Copy Pods Resources";
			outputPaths = (
			);
			runOnlyForDeploymentPostprocessing = 0;
			shellPath = /bin/sh;
			shellScript = "\"${SRCROOT}/Pods/Target Support Files/Pods-DRYNavigationManagerDemo/Pods-DRYNavigationManagerDemo-resources.sh\"\n";
			showEnvVarsInLog = 0;
		};
		FD3E4B182661E8964BB58C1B /* [CP] Embed Pods Frameworks */ = {
			isa = PBXShellScriptBuildPhase;
			buildActionMask = 2147483647;
			files = (
			);
			inputPaths = (
			);
			name = "[CP] Embed Pods Frameworks";
			outputPaths = (
			);
			runOnlyForDeploymentPostprocessing = 0;
			shellPath = /bin/sh;
			shellScript = "\"${SRCROOT}/Pods/Target Support Files/Pods-DRYNavigationManagerDemoTests/Pods-DRYNavigationManagerDemoTests-frameworks.sh\"\n";
			showEnvVarsInLog = 0;
		};
/* End PBXShellScriptBuildPhase section */

/* Begin PBXSourcesBuildPhase section */
		27462D4B1934980B00D74327 /* Sources */ = {
			isa = PBXSourcesBuildPhase;
			buildActionMask = 2147483647;
			files = (
				27462D5F1934980C00D74327 /* main.m in Sources */,
				3323FADD33E466CD5F237435 /* AppDelegate.m in Sources */,
				27B6C78C1D096B9E00622E7C /* MainFlowViewControllerInitializer.m in Sources */,
				3323F35A32E6C6D9B4CEA5CF /* BaseViewController.m in Sources */,
				2780199E199A5149005A4449 /* ModalViewController.m in Sources */,
				3323F8BCEDB023E3F0057374 /* MainViewController.m in Sources */,
				3323FBDF850FF2B5636F21CF /* InTabViewController.m in Sources */,
				3323F89939ACB75169417017 /* HelloViewController.m in Sources */,
				A90F116F967DF9F00B3A17E2 /* AppConfiguration.m in Sources */,
				A90F1019491D152041282487 /* DefaultNavigationTranslationDataSource.m in Sources */,
				27B6C78F1D096BB400622E7C /* LoginFlowViewControllerInitializer.m in Sources */,
				A90F1D27F8ECFA10B638F314 /* HelloViewControllerNavigator.m in Sources */,
				A90F18A50D973B66954003F4 /* DemoNavigatorFactory.m in Sources */,
				A90F11C1B20F94F56C5C34E2 /* TabBarControllerNavigator.m in Sources */,
				A90F170AB57039C33C657719 /* ModalViewControllerNavigator.m in Sources */,
				A90F11E1F406B1549FE0D4F6 /* CloseModalViewControllerNavigator.m in Sources */,
			);
			runOnlyForDeploymentPostprocessing = 0;
		};
		27462D661934980C00D74327 /* Sources */ = {
			isa = PBXSourcesBuildPhase;
			buildActionMask = 2147483647;
			files = (
				08993A681C3BC57B00803AEE /* DRYNavigationDescriptorTests.m in Sources */,
				080CDE531C3BE6A70014D8F3 /* DRYDefaultNavigatorFactoryTests.m in Sources */,
				C1A56FD2C44925904C361BDF /* DRYBaseNavigationManagerTests.m in Sources */,
			);
			runOnlyForDeploymentPostprocessing = 0;
		};
/* End PBXSourcesBuildPhase section */

/* Begin PBXTargetDependency section */
		27462D701934980C00D74327 /* PBXTargetDependency */ = {
			isa = PBXTargetDependency;
			target = 27462D4E1934980B00D74327 /* DRYNavigationManagerDemo */;
			targetProxy = 27462D6F1934980C00D74327 /* PBXContainerItemProxy */;
		};
/* End PBXTargetDependency section */

/* Begin PBXVariantGroup section */
		27462D5B1934980C00D74327 /* InfoPlist.strings */ = {
			isa = PBXVariantGroup;
			children = (
				27462D5C1934980C00D74327 /* en */,
			);
			name = InfoPlist.strings;
			sourceTree = "<group>";
		};
		27462D741934980C00D74327 /* InfoPlist.strings */ = {
			isa = PBXVariantGroup;
			children = (
				27462D751934980C00D74327 /* en */,
			);
			name = InfoPlist.strings;
			sourceTree = "<group>";
		};
/* End PBXVariantGroup section */

/* Begin XCBuildConfiguration section */
		27462D791934980C00D74327 /* Debug */ = {
			isa = XCBuildConfiguration;
			buildSettings = {
				ALWAYS_SEARCH_USER_PATHS = NO;
				CLANG_CXX_LANGUAGE_STANDARD = "gnu++0x";
				CLANG_CXX_LIBRARY = "libc++";
				CLANG_ENABLE_MODULES = YES;
				CLANG_ENABLE_OBJC_ARC = YES;
				CLANG_WARN_BOOL_CONVERSION = YES;
				CLANG_WARN_CONSTANT_CONVERSION = YES;
				CLANG_WARN_DIRECT_OBJC_ISA_USAGE = YES_ERROR;
				CLANG_WARN_EMPTY_BODY = YES;
				CLANG_WARN_ENUM_CONVERSION = YES;
				CLANG_WARN_INT_CONVERSION = YES;
				CLANG_WARN_OBJC_ROOT_CLASS = YES_ERROR;
				CLANG_WARN__DUPLICATE_METHOD_MATCH = YES;
				"CODE_SIGN_IDENTITY[sdk=iphoneos*]" = "iPhone Developer";
				COPY_PHASE_STRIP = NO;
				ENABLE_TESTABILITY = YES;
				GCC_C_LANGUAGE_STANDARD = gnu99;
				GCC_DYNAMIC_NO_PIC = NO;
				GCC_OPTIMIZATION_LEVEL = 0;
				GCC_PREPROCESSOR_DEFINITIONS = (
					"DEBUG=1",
					"$(inherited)",
				);
				GCC_SYMBOLS_PRIVATE_EXTERN = NO;
				GCC_WARN_64_TO_32_BIT_CONVERSION = YES;
				GCC_WARN_ABOUT_RETURN_TYPE = YES_ERROR;
				GCC_WARN_UNDECLARED_SELECTOR = YES;
				GCC_WARN_UNINITIALIZED_AUTOS = YES_AGGRESSIVE;
				GCC_WARN_UNUSED_FUNCTION = YES;
				GCC_WARN_UNUSED_VARIABLE = YES;
				IPHONEOS_DEPLOYMENT_TARGET = 7.1;
				ONLY_ACTIVE_ARCH = YES;
				SDKROOT = iphoneos;
				TARGETED_DEVICE_FAMILY = "1,2";
			};
			name = Debug;
		};
		27462D7A1934980C00D74327 /* Release */ = {
			isa = XCBuildConfiguration;
			buildSettings = {
				ALWAYS_SEARCH_USER_PATHS = NO;
				CLANG_CXX_LANGUAGE_STANDARD = "gnu++0x";
				CLANG_CXX_LIBRARY = "libc++";
				CLANG_ENABLE_MODULES = YES;
				CLANG_ENABLE_OBJC_ARC = YES;
				CLANG_WARN_BOOL_CONVERSION = YES;
				CLANG_WARN_CONSTANT_CONVERSION = YES;
				CLANG_WARN_DIRECT_OBJC_ISA_USAGE = YES_ERROR;
				CLANG_WARN_EMPTY_BODY = YES;
				CLANG_WARN_ENUM_CONVERSION = YES;
				CLANG_WARN_INT_CONVERSION = YES;
				CLANG_WARN_OBJC_ROOT_CLASS = YES_ERROR;
				CLANG_WARN__DUPLICATE_METHOD_MATCH = YES;
				"CODE_SIGN_IDENTITY[sdk=iphoneos*]" = "iPhone Developer";
				COPY_PHASE_STRIP = YES;
				ENABLE_NS_ASSERTIONS = NO;
				GCC_C_LANGUAGE_STANDARD = gnu99;
				GCC_WARN_64_TO_32_BIT_CONVERSION = YES;
				GCC_WARN_ABOUT_RETURN_TYPE = YES_ERROR;
				GCC_WARN_UNDECLARED_SELECTOR = YES;
				GCC_WARN_UNINITIALIZED_AUTOS = YES_AGGRESSIVE;
				GCC_WARN_UNUSED_FUNCTION = YES;
				GCC_WARN_UNUSED_VARIABLE = YES;
				IPHONEOS_DEPLOYMENT_TARGET = 7.1;
				SDKROOT = iphoneos;
				TARGETED_DEVICE_FAMILY = "1,2";
				VALIDATE_PRODUCT = YES;
			};
			name = Release;
		};
		27462D7C1934980C00D74327 /* Debug */ = {
			isa = XCBuildConfiguration;
			baseConfigurationReference = 9C268509EB13C95104568428 /* Pods-DRYNavigationManagerDemo.debug.xcconfig */;
			buildSettings = {
				ASSETCATALOG_COMPILER_APPICON_NAME = AppIcon;
				GCC_PRECOMPILE_PREFIX_HEADER = YES;
				GCC_PREFIX_HEADER = "DRYNavigationManagerDemo/DRYNavigationManagerDemo-Prefix.pch";
				INFOPLIST_FILE = "DRYNavigationManagerDemo/DRYNavigationManagerDemo-Info.plist";
				IPHONEOS_DEPLOYMENT_TARGET = 8.0;
				PRODUCT_BUNDLE_IDENTIFIER = "be.appfoundry.${PRODUCT_NAME:rfc1034identifier}";
				PRODUCT_NAME = "$(TARGET_NAME)";
				WRAPPER_EXTENSION = app;
			};
			name = Debug;
		};
		27462D7D1934980C00D74327 /* Release */ = {
			isa = XCBuildConfiguration;
			baseConfigurationReference = 076D441E9E1B35D42DCC0C16 /* Pods-DRYNavigationManagerDemo.release.xcconfig */;
			buildSettings = {
				ASSETCATALOG_COMPILER_APPICON_NAME = AppIcon;
				GCC_PRECOMPILE_PREFIX_HEADER = YES;
				GCC_PREFIX_HEADER = "DRYNavigationManagerDemo/DRYNavigationManagerDemo-Prefix.pch";
				INFOPLIST_FILE = "DRYNavigationManagerDemo/DRYNavigationManagerDemo-Info.plist";
				IPHONEOS_DEPLOYMENT_TARGET = 8.0;
				PRODUCT_BUNDLE_IDENTIFIER = "be.appfoundry.${PRODUCT_NAME:rfc1034identifier}";
				PRODUCT_NAME = "$(TARGET_NAME)";
				WRAPPER_EXTENSION = app;
			};
			name = Release;
		};
		27462D7F1934980C00D74327 /* Debug */ = {
			isa = XCBuildConfiguration;
			baseConfigurationReference = 8F1DA3234834B66EC5EA538A /* Pods-DRYNavigationManagerDemoTests.debug.xcconfig */;
			buildSettings = {
				BUNDLE_LOADER = "$(BUILT_PRODUCTS_DIR)/DRYNavigationManagerDemo.app/DRYNavigationManagerDemo";
				FRAMEWORK_SEARCH_PATHS = (
					"$(PLATFORM_DIR)/Developer/Library/Frameworks",
					"$(inherited)",
					"$(DEVELOPER_FRAMEWORKS_DIR)",
				);
				GCC_PRECOMPILE_PREFIX_HEADER = YES;
				GCC_PREFIX_HEADER = "DRYNavigationManagerDemo/DRYNavigationManagerDemo-Prefix.pch";
				GCC_PREPROCESSOR_DEFINITIONS = (
					"DEBUG=1",
					"$(inherited)",
				);
				INFOPLIST_FILE = "DRYNavigationManagerDemoTests/DRYNavigationManagerDemoTests-Info.plist";
				PRODUCT_BUNDLE_IDENTIFIER = "be.appfoundry.${PRODUCT_NAME:rfc1034identifier}";
				PRODUCT_NAME = "$(TARGET_NAME)";
				TEST_HOST = "$(BUNDLE_LOADER)";
				WRAPPER_EXTENSION = xctest;
			};
			name = Debug;
		};
		27462D801934980C00D74327 /* Release */ = {
			isa = XCBuildConfiguration;
			baseConfigurationReference = 3DB32CA01B6C66FF115CC2DD /* Pods-DRYNavigationManagerDemoTests.release.xcconfig */;
			buildSettings = {
				BUNDLE_LOADER = "$(BUILT_PRODUCTS_DIR)/DRYNavigationManagerDemo.app/DRYNavigationManagerDemo";
				FRAMEWORK_SEARCH_PATHS = (
					"$(PLATFORM_DIR)/Developer/Library/Frameworks",
					"$(inherited)",
					"$(DEVELOPER_FRAMEWORKS_DIR)",
				);
				GCC_PRECOMPILE_PREFIX_HEADER = YES;
				GCC_PREFIX_HEADER = "DRYNavigationManagerDemo/DRYNavigationManagerDemo-Prefix.pch";
				INFOPLIST_FILE = "DRYNavigationManagerDemoTests/DRYNavigationManagerDemoTests-Info.plist";
				PRODUCT_BUNDLE_IDENTIFIER = "be.appfoundry.${PRODUCT_NAME:rfc1034identifier}";
				PRODUCT_NAME = "$(TARGET_NAME)";
				TEST_HOST = "$(BUNDLE_LOADER)";
				WRAPPER_EXTENSION = xctest;
			};
			name = Release;
		};
/* End XCBuildConfiguration section */

/* Begin XCConfigurationList section */
		27462D4A1934980B00D74327 /* Build configuration list for PBXProject "DRYNavigationManagerDemo" */ = {
			isa = XCConfigurationList;
			buildConfigurations = (
				27462D791934980C00D74327 /* Debug */,
				27462D7A1934980C00D74327 /* Release */,
			);
			defaultConfigurationIsVisible = 0;
			defaultConfigurationName = Release;
		};
		27462D7B1934980C00D74327 /* Build configuration list for PBXNativeTarget "DRYNavigationManagerDemo" */ = {
			isa = XCConfigurationList;
			buildConfigurations = (
				27462D7C1934980C00D74327 /* Debug */,
				27462D7D1934980C00D74327 /* Release */,
			);
			defaultConfigurationIsVisible = 0;
			defaultConfigurationName = Release;
		};
		27462D7E1934980C00D74327 /* Build configuration list for PBXNativeTarget "DRYNavigationManagerDemoTests" */ = {
			isa = XCConfigurationList;
			buildConfigurations = (
				27462D7F1934980C00D74327 /* Debug */,
				27462D801934980C00D74327 /* Release */,
			);
			defaultConfigurationIsVisible = 0;
			defaultConfigurationName = Release;
		};
/* End XCConfigurationList section */
	};
	rootObject = 27462D471934980B00D74327 /* Project object */;
}
